
Microsoft Visual Studio Solution File, Format Version 12.00
# Visual Studio Version 17
VisualStudioVersion = 17.4.33213.308
MinimumVisualStudioVersion = 10.0.40219.1
Project("{FAE04EC0-301F-11D3-BF4B-00C04F79EFBC}") = "AnimalInheritance", "AnimalInheritance\AnimalInheritance.csproj", "{F0CB5048-6321-4B55-91B7-02ACAC9872DB}"
EndProject
Global
	GlobalSection(SolutionConfigurationPlatforms) = preSolution
		Debug|Any CPU = Debug|Any CPU
		Release|Any CPU = Release|Any CPU
	EndGlobalSection
	GlobalSection(ProjectConfigurationPlatforms) = postSolution
		{F0CB5048-6321-4B55-91B7-02ACAC9872DB}.Debug|Any CPU.ActiveCfg = Debug|Any CPU
		{F0CB5048-6321-4B55-91B7-02ACAC9872DB}.Debug|Any CPU.Build.0 = Debug|Any CPU
		{F0CB5048-6321-4B55-91B7-02ACAC9872DB}.Release|Any CPU.ActiveCfg = Release|Any CPU
		{F0CB5048-6321-4B55-91B7-02ACAC9872DB}.Release|Any CPU.Build.0 = Release|Any CPU
	EndGlobalSection
	GlobalSection(SolutionProperties) = preSolution
		HideSolutionNode = FALSE
	EndGlobalSection
	GlobalSection(ExtensibilityGlobals) = postSolution
		SolutionGuid = {608F2A0E-557D-4AA8-A142-28A20D69E187}
	EndGlobalSection
EndGlobal
